
Microsoft Visual Studio Solution File, Format Version 12.00
# Visual Studio Version 17
VisualStudioVersion = 17.7.33711.374
MinimumVisualStudioVersion = 10.0.40219.1
Project("{8BC9CEB8-8B4A-11D0-8D11-00A0C91BC942}") = "Split C++ Calculator", "Split C++ Calculator\Split C++ Calculator.vcxproj", "{8AD79A20-A05A-47D7-8915-7CEBA21FA154}"
EndProject
Global
	GlobalSection(SolutionConfigurationPlatforms) = preSolution
		Debug|x64 = Debug|x64
		Debug|x86 = Debug|x86
		Release|x64 = Release|x64
		Release|x86 = Release|x86
	EndGlobalSection
	GlobalSection(ProjectConfigurationPlatforms) = postSolution
		{8AD79A20-A05A-47D7-8915-7CEBA21FA154}.Debug|x64.ActiveCfg = Debug|x64
		{8AD79A20-A05A-47D7-8915-7CEBA21FA154}.Debug|x64.Build.0 = Debug|x64
		{8AD79A20-A05A-47D7-8915-7CEBA21FA154}.Debug|x86.ActiveCfg = Debug|Win32
		{8AD79A20-A05A-47D7-8915-7CEBA21FA154}.Debug|x86.Build.0 = Debug|Win32
		{8AD79A20-A05A-47D7-8915-7CEBA21FA154}.Release|x64.ActiveCfg = Release|x64
		{8AD79A20-A05A-47D7-8915-7CEBA21FA154}.Release|x64.Build.0 = Release|x64
		{8AD79A20-A05A-47D7-8915-7CEBA21FA154}.Release|x86.ActiveCfg = Release|Win32
		{8AD79A20-A05A-47D7-8915-7CEBA21FA154}.Release|x86.Build.0 = Release|Win32
	EndGlobalSection
	GlobalSection(SolutionProperties) = preSolution
		HideSolutionNode = FALSE
	EndGlobalSection
	GlobalSection(ExtensibilityGlobals) = postSolution
		SolutionGuid = {5273AE57-B465-4E1D-968A-3B4BDDAB55D1}
	EndGlobalSection
EndGlobal
